
Microsoft Visual Studio Solution File, Format Version 12.00
# Visual Studio Version 17
VisualStudioVersion = 17.3.32901.215
MinimumVisualStudioVersion = 10.0.40219.1
Project("{FAE04EC0-301F-11D3-BF4B-00C04F79EFBC}") = "Bai2", "Bai2\Bai2.csproj", "{DDA170C9-F77B-48E8-9D4D-0666A8525092}"
EndProject
Global
	GlobalSection(SolutionConfigurationPlatforms) = preSolution
		Debug|Any CPU = Debug|Any CPU
		Release|Any CPU = Release|Any CPU
	EndGlobalSection
	GlobalSection(ProjectConfigurationPlatforms) = postSolution
		{DDA170C9-F77B-48E8-9D4D-0666A8525092}.Debug|Any CPU.ActiveCfg = Debug|Any CPU
		{DDA170C9-F77B-48E8-9D4D-0666A8525092}.Debug|Any CPU.Build.0 = Debug|Any CPU
		{DDA170C9-F77B-48E8-9D4D-0666A8525092}.Release|Any CPU.ActiveCfg = Release|Any CPU
		{DDA170C9-F77B-48E8-9D4D-0666A8525092}.Release|Any CPU.Build.0 = Release|Any CPU
	EndGlobalSection
	GlobalSection(SolutionProperties) = preSolution
		HideSolutionNode = FALSE
	EndGlobalSection
	GlobalSection(ExtensibilityGlobals) = postSolution
		SolutionGuid = {82BA365A-CB0A-439B-8417-E6E525E9871C}
	EndGlobalSection
EndGlobal
