
Microsoft Visual Studio Solution File, Format Version 12.00
# Visual Studio Version 17
VisualStudioVersion = 17.3.32901.215
MinimumVisualStudioVersion = 10.0.40219.1
Project("{FAE04EC0-301F-11D3-BF4B-00C04F79EFBC}") = "Bai4", "Bai4\Bai4.csproj", "{9859E977-B09A-46A0-B5ED-19F1BC637BBF}"
EndProject
Global
	GlobalSection(SolutionConfigurationPlatforms) = preSolution
		Debug|Any CPU = Debug|Any CPU
		Release|Any CPU = Release|Any CPU
	EndGlobalSection
	GlobalSection(ProjectConfigurationPlatforms) = postSolution
		{9859E977-B09A-46A0-B5ED-19F1BC637BBF}.Debug|Any CPU.ActiveCfg = Debug|Any CPU
		{9859E977-B09A-46A0-B5ED-19F1BC637BBF}.Debug|Any CPU.Build.0 = Debug|Any CPU
		{9859E977-B09A-46A0-B5ED-19F1BC637BBF}.Release|Any CPU.ActiveCfg = Release|Any CPU
		{9859E977-B09A-46A0-B5ED-19F1BC637BBF}.Release|Any CPU.Build.0 = Release|Any CPU
	EndGlobalSection
	GlobalSection(SolutionProperties) = preSolution
		HideSolutionNode = FALSE
	EndGlobalSection
	GlobalSection(ExtensibilityGlobals) = postSolution
		SolutionGuid = {0F8B81D1-874D-405A-A689-D38FB3BE3838}
	EndGlobalSection
EndGlobal
